hash: 08e32083bb68b5ce99867c9859d1fe75db91c67325c3d688a93958191d7e11e9
updated: 2016-10-23T11:56:09.731650897-07:00
imports:
- name: github.com/dashotv/flame
  version: 8e383b5b52dc6bbc8f3f7f34b7cde0cbf4cb5dbf
- name: github.com/dashotv/rabbit
  version: 6808d1b548600f0ca21e3f81a61741b0bf5c261b
- name: github.com/grengojbo/goquery
  version: 581f5a57e7dbfd4af64c18c08f6323f80d971d24
  subpackages:
  - exp/cascadia
  - exp/html
  - exp/html/atom
- name: github.com/joho/godotenv
  version: 4ed13390c0acd2ff4e371e64d8b97c8954138243
  subpackages:
  - autoload
- name: github.com/robfig/cron
  version: b024fc5ea0e34bc3f83d9941c8d60b0622bfaca4
- name: github.com/streadway/amqp
  version: 2e25825abdbd7752ff08b270d313b93519a0a232
testImports: []
