hash: 776d3b6ac1e99abfc8d5c24ddd4b34ee2eaf72d6bc4b6cb4c074df76bccca629
updated: 2016-10-23T12:40:22.518464551-07:00
imports:
- name: github.com/ahmetalpbalkan/govvv
  version: 826804e6f0f120411bb76d5d77425868bccb118b
- name: github.com/dashotv/flame
  version: 8e383b5b52dc6bbc8f3f7f34b7cde0cbf4cb5dbf
- name: github.com/dashotv/rabbit
  version: 6808d1b548600f0ca21e3f81a61741b0bf5c261b
- name: github.com/grengojbo/goquery
  version: 581f5a57e7dbfd4af64c18c08f6323f80d971d24
  subpackages:
  - exp/cascadia
  - exp/html
  - exp/html/atom
- name: github.com/joho/godotenv
  version: 4ed13390c0acd2ff4e371e64d8b97c8954138243
  subpackages:
  - autoload
- name: github.com/robfig/cron
  version: b024fc5ea0e34bc3f83d9941c8d60b0622bfaca4
- name: github.com/streadway/amqp
  version: 2e25825abdbd7752ff08b270d313b93519a0a232
testImports: []
