hash: 4e5c5062eae3e5dd44bf9e21c49e90b40951a7a0e72529325cc71de29ce3173a
updated: 2016-10-24T18:31:20.746228071-07:00
imports:
- name: github.com/ahmetalpbalkan/govvv
  version: 826804e6f0f120411bb76d5d77425868bccb118b
- name: github.com/dashotv/flame
  version: 8e383b5b52dc6bbc8f3f7f34b7cde0cbf4cb5dbf
- name: github.com/dashotv/rabbit
  version: a646e81ff6e7b45d18fc9309dbdde1e7aab3f027
- name: github.com/grengojbo/goquery
  version: 581f5a57e7dbfd4af64c18c08f6323f80d971d24
  subpackages:
  - exp/cascadia
  - exp/html
  - exp/html/atom
- name: github.com/joho/godotenv
  version: 4ed13390c0acd2ff4e371e64d8b97c8954138243
  subpackages:
  - autoload
- name: github.com/robfig/cron
  version: b024fc5ea0e34bc3f83d9941c8d60b0622bfaca4
- name: github.com/streadway/amqp
  version: 2e25825abdbd7752ff08b270d313b93519a0a232
testImports: []
